// !$*UTF8*$!
{
	archiveVersion = 1;
	classes = {
	};
	objectVersion = 52;
	objects = {

/* Begin PBXBuildFile section */
		9F2874FD238453D6006EF2EB /* AppDelegate.swift in Sources */ = {isa = PBXBuildFile; fileRef = 9F2874FC238453D6006EF2EB /* AppDelegate.swift */; };
		9F2874FF238453D8006EF2EB /* Assets.xcassets in Resources */ = {isa = PBXBuildFile; fileRef = 9F2874FE238453D8006EF2EB /* Assets.xcassets */; };
		9F287502238453D8006EF2EB /* MainMenu.xib in Resources */ = {isa = PBXBuildFile; fileRef = 9F287500238453D8006EF2EB /* MainMenu.xib */; };
		9F28750E238453D9006EF2EB /* ECCSignatureTestTests.swift in Sources */ = {isa = PBXBuildFile; fileRef = 9F28750D238453D9006EF2EB /* ECCSignatureTestTests.swift */; };
		9F287519238460E7006EF2EB /* SignedMessage.swift in Sources */ = {isa = PBXBuildFile; fileRef = 9F287518238460E7006EF2EB /* SignedMessage.swift */; };
		9F28751A238460E7006EF2EB /* SignedMessage.swift in Sources */ = {isa = PBXBuildFile; fileRef = 9F287518238460E7006EF2EB /* SignedMessage.swift */; };
		9F28751D238462C5006EF2EB /* CryptorECC in Frameworks */ = {isa = PBXBuildFile; productRef = 9F28751C238462C5006EF2EB /* CryptorECC */; };
		9F28751F238462E8006EF2EB /* ec256pub.pem in Resources */ = {isa = PBXBuildFile; fileRef = 9F28751E238462E8006EF2EB /* ec256pub.pem */; };
		9F287520238462E8006EF2EB /* ec256pub.pem in Resources */ = {isa = PBXBuildFile; fileRef = 9F28751E238462E8006EF2EB /* ec256pub.pem */; };
		9F2875222384849F006EF2EB /* test.eccsignaturetest in Resources */ = {isa = PBXBuildFile; fileRef = 9F2875212384849F006EF2EB /* test.eccsignaturetest */; };
		9F2875232384868D006EF2EB /* test.eccsignaturetest in Resources */ = {isa = PBXBuildFile; fileRef = 9F2875212384849F006EF2EB /* test.eccsignaturetest */; };
/* End PBXBuildFile section */

/* Begin PBXContainerItemProxy section */
		9F28750A238453D9006EF2EB /* PBXContainerItemProxy */ = {
			isa = PBXContainerItemProxy;
			containerPortal = 9F2874F1238453D6006EF2EB /* Project object */;
			proxyType = 1;
			remoteGlobalIDString = 9F2874F8238453D6006EF2EB;
			remoteInfo = ECCSignatureTest;
		};
/* End PBXContainerItemProxy section */

/* Begin PBXFileReference section */
		9F2874F9238453D6006EF2EB /* ECCSignatureTest.app */ = {isa = PBXFileReference; explicitFileType = wrapper.application; includeInIndex = 0; path = ECCSignatureTest.app; sourceTree = BUILT_PRODUCTS_DIR; };
		9F2874FC238453D6006EF2EB /* AppDelegate.swift */ = {isa = PBXFileReference; lastKnownFileType = sourcecode.swift; path = AppDelegate.swift; sourceTree = "<group>"; };
		9F2874FE238453D8006EF2EB /* Assets.xcassets */ = {isa = PBXFileReference; lastKnownFileType = folder.assetcatalog; path = Assets.xcassets; sourceTree = "<group>"; };
		9F287501238453D8006EF2EB /* Base */ = {isa = PBXFileReference; lastKnownFileType = file.xib; name = Base; path = Base.lproj/MainMenu.xib; sourceTree = "<group>"; };
		9F287503238453D8006EF2EB /* Info.plist */ = {isa = PBXFileReference; lastKnownFileType = text.plist.xml; path = Info.plist; sourceTree = "<group>"; };
		9F287504238453D8006EF2EB /* ECCSignatureTest.entitlements */ = {isa = PBXFileReference; lastKnownFileType = text.plist.entitlements; path = ECCSignatureTest.entitlements; sourceTree = "<group>"; };
		9F287509238453D9006EF2EB /* ECCSignatureTestTests.xctest */ = {isa = PBXFileReference; explicitFileType = wrapper.cfbundle; includeInIndex = 0; path = ECCSignatureTestTests.xctest; sourceTree = BUILT_PRODUCTS_DIR; };
		9F28750D238453D9006EF2EB /* ECCSignatureTestTests.swift */ = {isa = PBXFileReference; lastKnownFileType = sourcecode.swift; path = ECCSignatureTestTests.swift; sourceTree = "<group>"; };
		9F28750F238453D9006EF2EB /* Info.plist */ = {isa = PBXFileReference; lastKnownFileType = text.plist.xml; path = Info.plist; sourceTree = "<group>"; };
		9F287518238460E7006EF2EB /* SignedMessage.swift */ = {isa = PBXFileReference; lastKnownFileType = sourcecode.swift; path = SignedMessage.swift; sourceTree = "<group>"; };
		9F28751E238462E8006EF2EB /* ec256pub.pem */ = {isa = PBXFileReference; fileEncoding = 4; lastKnownFileType = text; path = ec256pub.pem; sourceTree = "<group>"; };
		9F2875212384849F006EF2EB /* test.eccsignaturetest */ = {isa = PBXFileReference; fileEncoding = 4; lastKnownFileType = text; path = test.eccsignaturetest; sourceTree = "<group>"; };
/* End PBXFileReference section */

/* Begin PBXFrameworksBuildPhase section */
		9F2874F6238453D6006EF2EB /* Frameworks */ = {
			isa = PBXFrameworksBuildPhase;
			buildActionMask = 2147483647;
			files = (
				9F28751D238462C5006EF2EB /* CryptorECC in Frameworks */,
			);
			runOnlyForDeploymentPostprocessing = 0;
		};
		9F287506238453D9006EF2EB /* Frameworks */ = {
			isa = PBXFrameworksBuildPhase;
			buildActionMask = 2147483647;
			files = (
			);
			runOnlyForDeploymentPostprocessing = 0;
		};
/* End PBXFrameworksBuildPhase section */

/* Begin PBXGroup section */
		9F2874F0238453D6006EF2EB = {
			isa = PBXGroup;
			children = (
				9F2874FB238453D6006EF2EB /* ECCSignatureTest */,
				9F28750C238453D9006EF2EB /* ECCSignatureTestTests */,
				9F2874FA238453D6006EF2EB /* Products */,
			);
			sourceTree = "<group>";
		};
		9F2874FA238453D6006EF2EB /* Products */ = {
			isa = PBXGroup;
			children = (
				9F2874F9238453D6006EF2EB /* ECCSignatureTest.app */,
				9F287509238453D9006EF2EB /* ECCSignatureTestTests.xctest */,
			);
			name = Products;
			sourceTree = "<group>";
		};
		9F2874FB238453D6006EF2EB /* ECCSignatureTest */ = {
			isa = PBXGroup;
			children = (
				9F2874FC238453D6006EF2EB /* AppDelegate.swift */,
				9F287518238460E7006EF2EB /* SignedMessage.swift */,
				9F28751E238462E8006EF2EB /* ec256pub.pem */,
				9F2874FE238453D8006EF2EB /* Assets.xcassets */,
				9F287500238453D8006EF2EB /* MainMenu.xib */,
				9F287503238453D8006EF2EB /* Info.plist */,
				9F287504238453D8006EF2EB /* ECCSignatureTest.entitlements */,
			);
			path = ECCSignatureTest;
			sourceTree = "<group>";
		};
		9F28750C238453D9006EF2EB /* ECCSignatureTestTests */ = {
			isa = PBXGroup;
			children = (
				9F28750D238453D9006EF2EB /* ECCSignatureTestTests.swift */,
				9F2875212384849F006EF2EB /* test.eccsignaturetest */,
				9F28750F238453D9006EF2EB /* Info.plist */,
			);
			path = ECCSignatureTestTests;
			sourceTree = "<group>";
		};
/* End PBXGroup section */

/* Begin PBXNativeTarget section */
		9F2874F8238453D6006EF2EB /* ECCSignatureTest */ = {
			isa = PBXNativeTarget;
			buildConfigurationList = 9F287512238453D9006EF2EB /* Build configuration list for PBXNativeTarget "ECCSignatureTest" */;
			buildPhases = (
				9F2874F5238453D6006EF2EB /* Sources */,
				9F2874F6238453D6006EF2EB /* Frameworks */,
				9F2874F7238453D6006EF2EB /* Resources */,
			);
			buildRules = (
			);
			dependencies = (
			);
			name = ECCSignatureTest;
			packageProductDependencies = (
				9F28751C238462C5006EF2EB /* CryptorECC */,
			);
			productName = ECCSignatureTest;
			productReference = 9F2874F9238453D6006EF2EB /* ECCSignatureTest.app */;
			productType = "com.apple.product-type.application";
		};
		9F287508238453D9006EF2EB /* ECCSignatureTestTests */ = {
			isa = PBXNativeTarget;
			buildConfigurationList = 9F287515238453D9006EF2EB /* Build configuration list for PBXNativeTarget "ECCSignatureTestTests" */;
			buildPhases = (
				9F287505238453D9006EF2EB /* Sources */,
				9F287506238453D9006EF2EB /* Frameworks */,
				9F287507238453D9006EF2EB /* Resources */,
			);
			buildRules = (
			);
			dependencies = (
				9F28750B238453D9006EF2EB /* PBXTargetDependency */,
			);
			name = ECCSignatureTestTests;
			productName = ECCSignatureTestTests;
			productReference = 9F287509238453D9006EF2EB /* ECCSignatureTestTests.xctest */;
			productType = "com.apple.product-type.bundle.unit-test";
		};
/* End PBXNativeTarget section */

/* Begin PBXProject section */
		9F2874F1238453D6006EF2EB /* Project object */ = {
			isa = PBXProject;
			attributes = {
				LastSwiftUpdateCheck = 1110;
				LastUpgradeCheck = 1110;
				ORGANIZATIONNAME = "Danilo Campos";
				TargetAttributes = {
					9F2874F8238453D6006EF2EB = {
						CreatedOnToolsVersion = 11.1;
					};
					9F287508238453D9006EF2EB = {
						CreatedOnToolsVersion = 11.1;
						TestTargetID = 9F2874F8238453D6006EF2EB;
					};
				};
			};
			buildConfigurationList = 9F2874F4238453D6006EF2EB /* Build configuration list for PBXProject "ECCSignatureTest" */;
			compatibilityVersion = "Xcode 9.3";
			developmentRegion = en;
			hasScannedForEncodings = 0;
			knownRegions = (
				en,
				Base,
			);
			mainGroup = 9F2874F0238453D6006EF2EB;
			packageReferences = (
				9F28751B238462C5006EF2EB /* XCRemoteSwiftPackageReference "BlueECC" */,
			);
			productRefGroup = 9F2874FA238453D6006EF2EB /* Products */;
			projectDirPath = "";
			projectRoot = "";
			targets = (
				9F2874F8238453D6006EF2EB /* ECCSignatureTest */,
				9F287508238453D9006EF2EB /* ECCSignatureTestTests */,
			);
		};
/* End PBXProject section */

/* Begin PBXResourcesBuildPhase section */
		9F2874F7238453D6006EF2EB /* Resources */ = {
			isa = PBXResourcesBuildPhase;
			buildActionMask = 2147483647;
			files = (
				9F2875232384868D006EF2EB /* test.eccsignaturetest in Resources */,
				9F2874FF238453D8006EF2EB /* Assets.xcassets in Resources */,
				9F28751F238462E8006EF2EB /* ec256pub.pem in Resources */,
				9F287502238453D8006EF2EB /* MainMenu.xib in Resources */,
			);
			runOnlyForDeploymentPostprocessing = 0;
		};
		9F287507238453D9006EF2EB /* Resources */ = {
			isa = PBXResourcesBuildPhase;
			buildActionMask = 2147483647;
			files = (
				9F287520238462E8006EF2EB /* ec256pub.pem in Resources */,
				9F2875222384849F006EF2EB /* test.eccsignaturetest in Resources */,
			);
			runOnlyForDeploymentPostprocessing = 0;
		};
/* End PBXResourcesBuildPhase section */

/* Begin PBXSourcesBuildPhase section */
		9F2874F5238453D6006EF2EB /* Sources */ = {
			isa = PBXSourcesBuildPhase;
			buildActionMask = 2147483647;
			files = (
				9F2874FD238453D6006EF2EB /* AppDelegate.swift in Sources */,
				9F287519238460E7006EF2EB /* SignedMessage.swift in Sources */,
			);
			runOnlyForDeploymentPostprocessing = 0;
		};
		9F287505238453D9006EF2EB /* Sources */ = {
			isa = PBXSourcesBuildPhase;
			buildActionMask = 2147483647;
			files = (
				9F28750E238453D9006EF2EB /* ECCSignatureTestTests.swift in Sources */,
				9F28751A238460E7006EF2EB /* SignedMessage.swift in Sources */,
			);
			runOnlyForDeploymentPostprocessing = 0;
		};
/* End PBXSourcesBuildPhase section */

/* Begin PBXTargetDependency section */
		9F28750B238453D9006EF2EB /* PBXTargetDependency */ = {
			isa = PBXTargetDependency;
			target = 9F2874F8238453D6006EF2EB /* ECCSignatureTest */;
			targetProxy = 9F28750A238453D9006EF2EB /* PBXContainerItemProxy */;
		};
/* End PBXTargetDependency section */

/* Begin PBXVariantGroup section */
		9F287500238453D8006EF2EB /* MainMenu.xib */ = {
			isa = PBXVariantGroup;
			children = (
				9F287501238453D8006EF2EB /* Base */,
			);
			name = MainMenu.xib;
			sourceTree = "<group>";
		};
/* End PBXVariantGroup section */

/* Begin XCBuildConfiguration section */
		9F287510238453D9006EF2EB /* Debug */ = {
			isa = XCBuildConfiguration;
			buildSettings = {
				ALWAYS_SEARCH_USER_PATHS = NO;
				CLANG_ANALYZER_NONNULL = YES;
				CLANG_ANALYZER_NUMBER_OBJECT_CONVERSION = YES_AGGRESSIVE;
				CLANG_CXX_LANGUAGE_STANDARD = "gnu++14";
				CLANG_CXX_LIBRARY = "libc++";
				CLANG_ENABLE_MODULES = YES;
				CLANG_ENABLE_OBJC_ARC = YES;
				CLANG_ENABLE_OBJC_WEAK = YES;
				CLANG_WARN_BLOCK_CAPTURE_AUTORELEASING = YES;
				CLANG_WARN_BOOL_CONVERSION = YES;
				CLANG_WARN_COMMA = YES;
				CLANG_WARN_CONSTANT_CONVERSION = YES;
				CLANG_WARN_DEPRECATED_OBJC_IMPLEMENTATIONS = YES;
				CLANG_WARN_DIRECT_OBJC_ISA_USAGE = YES_ERROR;
				CLANG_WARN_DOCUMENTATION_COMMENTS = YES;
				CLANG_WARN_EMPTY_BODY = YES;
				CLANG_WARN_ENUM_CONVERSION = YES;
				CLANG_WARN_INFINITE_RECURSION = YES;
				CLANG_WARN_INT_CONVERSION = YES;
				CLANG_WARN_NON_LITERAL_NULL_CONVERSION = YES;
				CLANG_WARN_OBJC_IMPLICIT_RETAIN_SELF = YES;
				CLANG_WARN_OBJC_LITERAL_CONVERSION = YES;
				CLANG_WARN_OBJC_ROOT_CLASS = YES_ERROR;
				CLANG_WARN_RANGE_LOOP_ANALYSIS = YES;
				CLANG_WARN_STRICT_PROTOTYPES = YES;
				CLANG_WARN_SUSPICIOUS_MOVE = YES;
				CLANG_WARN_UNGUARDED_AVAILABILITY = YES_AGGRESSIVE;
				CLANG_WARN_UNREACHABLE_CODE = YES;
				CLANG_WARN__DUPLICATE_METHOD_MATCH = YES;
				COPY_PHASE_STRIP = NO;
				DEBUG_INFORMATION_FORMAT = dwarf;
				ENABLE_STRICT_OBJC_MSGSEND = YES;
				ENABLE_TESTABILITY = YES;
				GCC_C_LANGUAGE_STANDARD = gnu11;
				GCC_DYNAMIC_NO_PIC = NO;
				GCC_NO_COMMON_BLOCKS = YES;
				GCC_OPTIMIZATION_LEVEL = 0;
				GCC_PREPROCESSOR_DEFINITIONS = (
					"DEBUG=1",
					"$(inherited)",
				);
				GCC_WARN_64_TO_32_BIT_CONVERSION = YES;
				GCC_WARN_ABOUT_RETURN_TYPE = YES_ERROR;
				GCC_WARN_UNDECLARED_SELECTOR = YES;
				GCC_WARN_UNINITIALIZED_AUTOS = YES_AGGRESSIVE;
				GCC_WARN_UNUSED_FUNCTION = YES;
				GCC_WARN_UNUSED_VARIABLE = YES;
				MACOSX_DEPLOYMENT_TARGET = 10.14;
				MTL_ENABLE_DEBUG_INFO = INCLUDE_SOURCE;
				MTL_FAST_MATH = YES;
				ONLY_ACTIVE_ARCH = YES;
				SDKROOT = macosx;
				SWIFT_ACTIVE_COMPILATION_CONDITIONS = DEBUG;
				SWIFT_OPTIMIZATION_LEVEL = "-Onone";
			};
			name = Debug;
		};
		9F287511238453D9006EF2EB /* Release */ = {
			isa = XCBuildConfiguration;
			buildSettings = {
				ALWAYS_SEARCH_USER_PATHS = NO;
				CLANG_ANALYZER_NONNULL = YES;
				CLANG_ANALYZER_NUMBER_OBJECT_CONVERSION = YES_AGGRESSIVE;
				CLANG_CXX_LANGUAGE_STANDARD = "gnu++14";
				CLANG_CXX_LIBRARY = "libc++";
				CLANG_ENABLE_MODULES = YES;
				CLANG_ENABLE_OBJC_ARC = YES;
				CLANG_ENABLE_OBJC_WEAK = YES;
				CLANG_WARN_BLOCK_CAPTURE_AUTORELEASING = YES;
				CLANG_WARN_BOOL_CONVERSION = YES;
				CLANG_WARN_COMMA = YES;
				CLANG_WARN_CONSTANT_CONVERSION = YES;
				CLANG_WARN_DEPRECATED_OBJC_IMPLEMENTATIONS = YES;
				CLANG_WARN_DIRECT_OBJC_ISA_USAGE = YES_ERROR;
				CLANG_WARN_DOCUMENTATION_COMMENTS = YES;
				CLANG_WARN_EMPTY_BODY = YES;
				CLANG_WARN_ENUM_CONVERSION = YES;
				CLANG_WARN_INFINITE_RECURSION = YES;
				CLANG_WARN_INT_CONVERSION = YES;
				CLANG_WARN_NON_LITERAL_NULL_CONVERSION = YES;
				CLANG_WARN_OBJC_IMPLICIT_RETAIN_SELF = YES;
				CLANG_WARN_OBJC_LITERAL_CONVERSION = YES;
				CLANG_WARN_OBJC_ROOT_CLASS = YES_ERROR;
				CLANG_WARN_RANGE_LOOP_ANALYSIS = YES;
				CLANG_WARN_STRICT_PROTOTYPES = YES;
				CLANG_WARN_SUSPICIOUS_MOVE = YES;
				CLANG_WARN_UNGUARDED_AVAILABILITY = YES_AGGRESSIVE;
				CLANG_WARN_UNREACHABLE_CODE = YES;
				CLANG_WARN__DUPLICATE_METHOD_MATCH = YES;
				COPY_PHASE_STRIP = NO;
				DEBUG_INFORMATION_FORMAT = "dwarf-with-dsym";
				ENABLE_NS_ASSERTIONS = NO;
				ENABLE_STRICT_OBJC_MSGSEND = YES;
				GCC_C_LANGUAGE_STANDARD = gnu11;
				GCC_NO_COMMON_BLOCKS = YES;
				GCC_WARN_64_TO_32_BIT_CONVERSION = YES;
				GCC_WARN_ABOUT_RETURN_TYPE = YES_ERROR;
				GCC_WARN_UNDECLARED_SELECTOR = YES;
				GCC_WARN_UNINITIALIZED_AUTOS = YES_AGGRESSIVE;
				GCC_WARN_UNUSED_FUNCTION = YES;
				GCC_WARN_UNUSED_VARIABLE = YES;
				MACOSX_DEPLOYMENT_TARGET = 10.14;
				MTL_ENABLE_DEBUG_INFO = NO;
				MTL_FAST_MATH = YES;
				SDKROOT = macosx;
				SWIFT_COMPILATION_MODE = wholemodule;
				SWIFT_OPTIMIZATION_LEVEL = "-O";
			};
			name = Release;
		};
		9F287513238453D9006EF2EB /* Debug */ = {
			isa = XCBuildConfiguration;
			buildSettings = {
				ASSETCATALOG_COMPILER_APPICON_NAME = AppIcon;
				CODE_SIGN_ENTITLEMENTS = ECCSignatureTest/ECCSignatureTest.entitlements;
				CODE_SIGN_STYLE = Automatic;
				COMBINE_HIDPI_IMAGES = YES;
				DEVELOPMENT_TEAM = 2BQHEV6DNR;
				ENABLE_HARDENED_RUNTIME = YES;
				INFOPLIST_FILE = ECCSignatureTest/Info.plist;
				LD_RUNPATH_SEARCH_PATHS = (
					"$(inherited)",
					"@executable_path/../Frameworks",
				);
				PRODUCT_BUNDLE_IDENTIFIER = danilocampos.ECCSignatureTest;
				PRODUCT_NAME = "$(TARGET_NAME)";
				SWIFT_VERSION = 5.0;
			};
			name = Debug;
		};
		9F287514238453D9006EF2EB /* Release */ = {
			isa = XCBuildConfiguration;
			buildSettings = {
				ASSETCATALOG_COMPILER_APPICON_NAME = AppIcon;
				CODE_SIGN_ENTITLEMENTS = ECCSignatureTest/ECCSignatureTest.entitlements;
				CODE_SIGN_STYLE = Automatic;
				COMBINE_HIDPI_IMAGES = YES;
				DEVELOPMENT_TEAM = 2BQHEV6DNR;
				ENABLE_HARDENED_RUNTIME = YES;
				INFOPLIST_FILE = ECCSignatureTest/Info.plist;
				LD_RUNPATH_SEARCH_PATHS = (
					"$(inherited)",
					"@executable_path/../Frameworks",
				);
				PRODUCT_BUNDLE_IDENTIFIER = danilocampos.ECCSignatureTest;
				PRODUCT_NAME = "$(TARGET_NAME)";
				SWIFT_VERSION = 5.0;
			};
			name = Release;
		};
		9F287516238453D9006EF2EB /* Debug */ = {
			isa = XCBuildConfiguration;
			buildSettings = {
				ALWAYS_EMBED_SWIFT_STANDARD_LIBRARIES = YES;
				BUNDLE_LOADER = "$(TEST_HOST)";
				CODE_SIGN_STYLE = Automatic;
				COMBINE_HIDPI_IMAGES = YES;
				DEVELOPMENT_TEAM = 2BQHEV6DNR;
				INFOPLIST_FILE = ECCSignatureTestTests/Info.plist;
				LD_RUNPATH_SEARCH_PATHS = (
					"$(inherited)",
					"@executable_path/../Frameworks",
					"@loader_path/../Frameworks",
				);
				MACOSX_DEPLOYMENT_TARGET = 10.14;
				PRODUCT_BUNDLE_IDENTIFIER = danilocampos.ECCSignatureTestTests;
				PRODUCT_NAME = "$(TARGET_NAME)";
				SWIFT_VERSION = 5.0;
				TEST_HOST = "$(BUILT_PRODUCTS_DIR)/ECCSignatureTest.app/Contents/MacOS/ECCSignatureTest";
			};
			name = Debug;
		};
		9F287517238453D9006EF2EB /* Release */ = {
			isa = XCBuildConfiguration;
			buildSettings = {
				ALWAYS_EMBED_SWIFT_STANDARD_LIBRARIES = YES;
				BUNDLE_LOADER = "$(TEST_HOST)";
				CODE_SIGN_STYLE = Automatic;
				COMBINE_HIDPI_IMAGES = YES;
				DEVELOPMENT_TEAM = 2BQHEV6DNR;
				INFOPLIST_FILE = ECCSignatureTestTests/Info.plist;
				LD_RUNPATH_SEARCH_PATHS = (
					"$(inherited)",
					"@executable_path/../Frameworks",
					"@loader_path/../Frameworks",
				);
				MACOSX_DEPLOYMENT_TARGET = 10.14;
				PRODUCT_BUNDLE_IDENTIFIER = danilocampos.ECCSignatureTestTests;
				PRODUCT_NAME = "$(TARGET_NAME)";
				SWIFT_VERSION = 5.0;
				TEST_HOST = "$(BUILT_PRODUCTS_DIR)/ECCSignatureTest.app/Contents/MacOS/ECCSignatureTest";
			};
			name = Release;
		};
/* End XCBuildConfiguration section */

/* Begin XCConfigurationList section */
		9F2874F4238453D6006EF2EB /* Build configuration list for PBXProject "ECCSignatureTest" */ = {
			isa = XCConfigurationList;
			buildConfigurations = (
				9F287510238453D9006EF2EB /* Debug */,
				9F287511238453D9006EF2EB /* Release */,
			);
			defaultConfigurationIsVisible = 0;
			defaultConfigurationName = Release;
		};
		9F287512238453D9006EF2EB /* Build configuration list for PBXNativeTarget "ECCSignatureTest" */ = {
			isa = XCConfigurationList;
			buildConfigurations = (
				9F287513238453D9006EF2EB /* Debug */,
				9F287514238453D9006EF2EB /* Release */,
			);
			defaultConfigurationIsVisible = 0;
			defaultConfigurationName = Release;
		};
		9F287515238453D9006EF2EB /* Build configuration list for PBXNativeTarget "ECCSignatureTestTests" */ = {
			isa = XCConfigurationList;
			buildConfigurations = (
				9F287516238453D9006EF2EB /* Debug */,
				9F287517238453D9006EF2EB /* Release */,
			);
			defaultConfigurationIsVisible = 0;
			defaultConfigurationName = Release;
		};
/* End XCConfigurationList section */

/* Begin XCRemoteSwiftPackageReference section */
		9F28751B238462C5006EF2EB /* XCRemoteSwiftPackageReference "BlueECC" */ = {
			isa = XCRemoteSwiftPackageReference;
			repositoryURL = "https://github.com/IBM-Swift/BlueECC.git";
			requirement = {
				kind = upToNextMajorVersion;
				minimumVersion = 1.2.5;
			};
		};
/* End XCRemoteSwiftPackageReference section */

/* Begin XCSwiftPackageProductDependency section */
		9F28751C238462C5006EF2EB /* CryptorECC */ = {
			isa = XCSwiftPackageProductDependency;
			package = 9F28751B238462C5006EF2EB /* XCRemoteSwiftPackageReference "BlueECC" */;
			productName = CryptorECC;
		};
/* End XCSwiftPackageProductDependency section */
	};
	rootObject = 9F2874F1238453D6006EF2EB /* Project object */;
}
